{
  "version": 4,
  "terraform_version": "0.12.0",
  "serial": 154,
  "lineage": "3989c096-d25c-3f3a-a760-d4e014d2bf71",
  "outputs": {
    "external_ip_address_app": {
      "value": "51.250.12.89",
      "type": "string"
    },
    "external_ip_address_db": {
      "value": "51.250.9.176",
      "type": "string"
    }
  },
  "resources": [
    {
      "module": "module.app",
      "mode": "managed",
      "type": "yandex_compute_instance",
      "name": "app",
      "provider": "provider.yandex",
      "instances": [
        {
          "schema_version": 1,
          "attributes": {
            "allow_stopping_for_update": null,
            "boot_disk": [
              {
                "auto_delete": true,
                "device_name": "fhmuk1os991r5rcs7j2j",
                "disk_id": "fhmuk1os991r5rcs7j2j",
                "initialize_params": [
                  {
                    "description": "",
                    "image_id": "fd8ma56figfsda3qci12",
                    "name": "",
                    "size": 10,
                    "snapshot_id": "",
                    "type": "network-hdd"
                  }
                ],
                "mode": "READ_WRITE"
              }
            ],
            "created_at": "2022-07-04T19:59:55Z",
            "description": "",
            "folder_id": "b1grbdil1gurdt2q4rvj",
            "fqdn": "fhmdd1ia1g4kbqenbf3a.auto.internal",
            "hostname": "fhmdd1ia1g4kbqenbf3a",
            "id": "fhmdd1ia1g4kbqenbf3a",
            "labels": {
              "tags": "reddit-app"
            },
            "metadata": {
              "ssh-keys": "ubuntu:ssh-rsa AAAAB3NzaC1yc2EAAAADAQABAAABgQC01yKbeBaINjX1FVYf169B6txUxApzeEIeEymdaNc9ltEOZnkfO5x2WfHyN8KNDhzSv4Gg4IM0Wt3Ed0oj5dJvJxSKE1/Irp9bar3ZMqj0upR+hBbJhLLd43JdlwfP0vdP31rH3KPQI1277vRC+Vf7N/e12aSZKd1pRDGqL5H4LQxTuOYslTcHgXLrhMrCRc7t9k2a3u8ASy/rOpOUEATghWPtvUZ2+ob9HIUgyF7L36iHUXAC/YrVYtneLXf4Vb2LD1kBB9/u1C5WTVbuAhqc5c5vualnwMOxi5Z2ByLCe7U+Shw8m+KW4KTd14Hqkcd5HWyGBFKiiT8C++YrY7xXaIxrb+gdzBlqbaWPnb0G3JXpzxxvYvZ3GJ03KxZsfgNJSUkRgG1xGQwBXG+xhRsJz1zZF4B6we+hm1zSBiFuI0guvhZMkcRTkEb0EOyTURL4Y4V/qYpFonTPv8/jOv0XzEZZJTaLwKlpO0ahc4dYvcnio4NKuatKrP87FWvU+OM= leekhan@Leekhan-U\n"
            },
            "name": "reddit-app",
            "network_acceleration_type": "standard",
            "network_interface": [
              {
                "index": 0,
                "ip_address": "192.168.10.21",
                "ipv4": true,
                "ipv6": false,
                "ipv6_address": "",
                "mac_address": "d0:0d:d6:86:4a:0c",
                "nat": true,
                "nat_ip_address": "51.250.12.89",
                "nat_ip_version": "IPV4",
                "security_group_ids": [],
                "subnet_id": "e9bi938c2mdtpn6icqm7"
              }
            ],
            "placement_policy": [
              {
                "placement_group_id": ""
              }
            ],
            "platform_id": "standard-v1",
            "resources": [
              {
                "core_fraction": 100,
                "cores": 2,
                "gpus": 0,
                "memory": 2
              }
            ],
            "scheduling_policy": [
              {
                "preemptible": false
              }
            ],
            "secondary_disk": [],
            "service_account_id": "",
            "status": "running",
            "timeouts": null,
            "zone": "ru-central1-a"
          }
        }
      ]
    },
    {
      "module": "module.db",
      "mode": "managed",
      "type": "yandex_compute_instance",
      "name": "db",
      "provider": "provider.yandex",
      "instances": [
        {
          "schema_version": 1,
          "attributes": {
            "allow_stopping_for_update": null,
            "boot_disk": [
              {
                "auto_delete": true,
                "device_name": "fhmg03269jb7c9gm5aih",
                "disk_id": "fhmg03269jb7c9gm5aih",
                "initialize_params": [
                  {
                    "description": "",
                    "image_id": "fd8usift14apt93rvkdf",
                    "name": "",
                    "size": 10,
                    "snapshot_id": "",
                    "type": "network-hdd"
                  }
                ],
                "mode": "READ_WRITE"
              }
            ],
            "created_at": "2022-07-04T19:59:55Z",
            "description": "",
            "folder_id": "b1grbdil1gurdt2q4rvj",
            "fqdn": "fhm4etu7dtu2ij81hgso.auto.internal",
            "hostname": "fhm4etu7dtu2ij81hgso",
            "id": "fhm4etu7dtu2ij81hgso",
            "labels": {
              "tags": "reddit-db"
            },
            "metadata": {
              "ssh-keys": "ubuntu:ssh-rsa AAAAB3NzaC1yc2EAAAADAQABAAABgQC01yKbeBaINjX1FVYf169B6txUxApzeEIeEymdaNc9ltEOZnkfO5x2WfHyN8KNDhzSv4Gg4IM0Wt3Ed0oj5dJvJxSKE1/Irp9bar3ZMqj0upR+hBbJhLLd43JdlwfP0vdP31rH3KPQI1277vRC+Vf7N/e12aSZKd1pRDGqL5H4LQxTuOYslTcHgXLrhMrCRc7t9k2a3u8ASy/rOpOUEATghWPtvUZ2+ob9HIUgyF7L36iHUXAC/YrVYtneLXf4Vb2LD1kBB9/u1C5WTVbuAhqc5c5vualnwMOxi5Z2ByLCe7U+Shw8m+KW4KTd14Hqkcd5HWyGBFKiiT8C++YrY7xXaIxrb+gdzBlqbaWPnb0G3JXpzxxvYvZ3GJ03KxZsfgNJSUkRgG1xGQwBXG+xhRsJz1zZF4B6we+hm1zSBiFuI0guvhZMkcRTkEb0EOyTURL4Y4V/qYpFonTPv8/jOv0XzEZZJTaLwKlpO0ahc4dYvcnio4NKuatKrP87FWvU+OM= leekhan@Leekhan-U\n"
            },
            "name": "reddit-db",
            "network_acceleration_type": "standard",
            "network_interface": [
              {
                "index": 0,
                "ip_address": "192.168.10.29",
                "ipv4": true,
                "ipv6": false,
                "ipv6_address": "",
                "mac_address": "d0:0d:47:77:c7:6f",
                "nat": true,
                "nat_ip_address": "51.250.9.176",
                "nat_ip_version": "IPV4",
                "security_group_ids": [],
                "subnet_id": "e9bi938c2mdtpn6icqm7"
              }
            ],
            "placement_policy": [
              {
                "placement_group_id": ""
              }
            ],
            "platform_id": "standard-v1",
            "resources": [
              {
                "core_fraction": 100,
                "cores": 2,
                "gpus": 0,
                "memory": 2
              }
            ],
            "scheduling_policy": [
              {
                "preemptible": false
              }
            ],
            "secondary_disk": [],
            "service_account_id": "",
            "status": "running",
            "timeouts": null,
            "zone": "ru-central1-a"
          }
        }
      ]
    }
  ]
}
