{
  "version": 4,
  "terraform_version": "0.12.0",
  "serial": 75,
  "lineage": "3989c096-d25c-3f3a-a760-d4e014d2bf71",
  "outputs": {
    "external_ip_address_app": {
      "value": [
        "51.250.85.211",
        "51.250.0.162"
      ],
      "type": [
        "tuple",
        [
          "string",
          "string"
        ]
      ]
    },
    "loadbalancer_ip_address": {
      "value": [
        "51.250.92.220"
      ],
      "type": [
        "list",
        "string"
      ]
    }
  },
  "resources": [
    {
      "mode": "managed",
      "type": "yandex_compute_instance",
      "name": "app",
      "each": "list",
      "provider": "provider.yandex",
      "instances": [
        {
          "index_key": 0,
          "schema_version": 1,
          "attributes": {
            "allow_stopping_for_update": null,
            "boot_disk": [
              {
                "auto_delete": true,
                "device_name": "fhm968orte3ne08naotj",
                "disk_id": "fhm968orte3ne08naotj",
                "initialize_params": [
                  {
                    "description": "",
                    "image_id": "fd8su8nv0mgk4vlndlmg",
                    "name": "",
                    "size": 10,
                    "snapshot_id": "",
                    "type": "network-hdd"
                  }
                ],
                "mode": "READ_WRITE"
              }
            ],
            "created_at": "2022-06-30T19:15:55Z",
            "description": "",
            "folder_id": "b1grbdil1gurdt2q4rvj",
            "fqdn": "fhmv7oktjudtp4ujc586.auto.internal",
            "hostname": "fhmv7oktjudtp4ujc586",
            "id": "fhmv7oktjudtp4ujc586",
            "labels": null,
            "metadata": {
              "ssh-keys": "ubuntu:ssh-rsa AAAAB3NzaC1yc2EAAAADAQABAAABgQC01yKbeBaINjX1FVYf169B6txUxApzeEIeEymdaNc9ltEOZnkfO5x2WfHyN8KNDhzSv4Gg4IM0Wt3Ed0oj5dJvJxSKE1/Irp9bar3ZMqj0upR+hBbJhLLd43JdlwfP0vdP31rH3KPQI1277vRC+Vf7N/e12aSZKd1pRDGqL5H4LQxTuOYslTcHgXLrhMrCRc7t9k2a3u8ASy/rOpOUEATghWPtvUZ2+ob9HIUgyF7L36iHUXAC/YrVYtneLXf4Vb2LD1kBB9/u1C5WTVbuAhqc5c5vualnwMOxi5Z2ByLCe7U+Shw8m+KW4KTd14Hqkcd5HWyGBFKiiT8C++YrY7xXaIxrb+gdzBlqbaWPnb0G3JXpzxxvYvZ3GJ03KxZsfgNJSUkRgG1xGQwBXG+xhRsJz1zZF4B6we+hm1zSBiFuI0guvhZMkcRTkEb0EOyTURL4Y4V/qYpFonTPv8/jOv0XzEZZJTaLwKlpO0ahc4dYvcnio4NKuatKrP87FWvU+OM= leekhan@Leekhan-U\n"
            },
            "name": "reddit-app-0",
            "network_acceleration_type": "standard",
            "network_interface": [
              {
                "index": 0,
                "ip_address": "10.128.0.12",
                "ipv4": true,
                "ipv6": false,
                "ipv6_address": "",
                "mac_address": "d0:0d:1f:3e:29:d9",
                "nat": true,
                "nat_ip_address": "51.250.85.211",
                "nat_ip_version": "IPV4",
                "security_group_ids": [],
                "subnet_id": "e9b7k033de1dqppn0qc8"
              }
            ],
            "placement_policy": [
              {
                "placement_group_id": ""
              }
            ],
            "platform_id": "standard-v1",
            "resources": [
              {
                "core_fraction": 100,
                "cores": 2,
                "gpus": 0,
                "memory": 2
              }
            ],
            "scheduling_policy": [
              {
                "preemptible": false
              }
            ],
            "secondary_disk": [],
            "service_account_id": "",
            "status": "running",
            "timeouts": null,
            "zone": "ru-central1-a"
          }
        },
        {
          "index_key": 1,
          "schema_version": 1,
          "attributes": {
            "allow_stopping_for_update": null,
            "boot_disk": [
              {
                "auto_delete": true,
                "device_name": "fhm5nodji2aeq008r0nr",
                "disk_id": "fhm5nodji2aeq008r0nr",
                "initialize_params": [
                  {
                    "description": "",
                    "image_id": "fd8su8nv0mgk4vlndlmg",
                    "name": "",
                    "size": 10,
                    "snapshot_id": "",
                    "type": "network-hdd"
                  }
                ],
                "mode": "READ_WRITE"
              }
            ],
            "created_at": "2022-06-30T19:15:54Z",
            "description": "",
            "folder_id": "b1grbdil1gurdt2q4rvj",
            "fqdn": "fhm32pvuq9brjfnhb44g.auto.internal",
            "hostname": "fhm32pvuq9brjfnhb44g",
            "id": "fhm32pvuq9brjfnhb44g",
            "labels": null,
            "metadata": {
              "ssh-keys": "ubuntu:ssh-rsa AAAAB3NzaC1yc2EAAAADAQABAAABgQC01yKbeBaINjX1FVYf169B6txUxApzeEIeEymdaNc9ltEOZnkfO5x2WfHyN8KNDhzSv4Gg4IM0Wt3Ed0oj5dJvJxSKE1/Irp9bar3ZMqj0upR+hBbJhLLd43JdlwfP0vdP31rH3KPQI1277vRC+Vf7N/e12aSZKd1pRDGqL5H4LQxTuOYslTcHgXLrhMrCRc7t9k2a3u8ASy/rOpOUEATghWPtvUZ2+ob9HIUgyF7L36iHUXAC/YrVYtneLXf4Vb2LD1kBB9/u1C5WTVbuAhqc5c5vualnwMOxi5Z2ByLCe7U+Shw8m+KW4KTd14Hqkcd5HWyGBFKiiT8C++YrY7xXaIxrb+gdzBlqbaWPnb0G3JXpzxxvYvZ3GJ03KxZsfgNJSUkRgG1xGQwBXG+xhRsJz1zZF4B6we+hm1zSBiFuI0guvhZMkcRTkEb0EOyTURL4Y4V/qYpFonTPv8/jOv0XzEZZJTaLwKlpO0ahc4dYvcnio4NKuatKrP87FWvU+OM= leekhan@Leekhan-U\n"
            },
            "name": "reddit-app-1",
            "network_acceleration_type": "standard",
            "network_interface": [
              {
                "index": 0,
                "ip_address": "10.128.0.27",
                "ipv4": true,
                "ipv6": false,
                "ipv6_address": "",
                "mac_address": "d0:0d:31:67:fe:d2",
                "nat": true,
                "nat_ip_address": "51.250.0.162",
                "nat_ip_version": "IPV4",
                "security_group_ids": [],
                "subnet_id": "e9b7k033de1dqppn0qc8"
              }
            ],
            "placement_policy": [
              {
                "placement_group_id": ""
              }
            ],
            "platform_id": "standard-v1",
            "resources": [
              {
                "core_fraction": 100,
                "cores": 2,
                "gpus": 0,
                "memory": 2
              }
            ],
            "scheduling_policy": [
              {
                "preemptible": false
              }
            ],
            "secondary_disk": [],
            "service_account_id": "",
            "status": "running",
            "timeouts": null,
            "zone": "ru-central1-a"
          }
        }
      ]
    },
    {
      "mode": "managed",
      "type": "yandex_lb_network_load_balancer",
      "name": "lb",
      "provider": "provider.yandex",
      "instances": [
        {
          "schema_version": 0,
          "attributes": {
            "attached_target_group": [
              {
                "healthcheck": [
                  {
                    "healthy_threshold": 2,
                    "http_options": [],
                    "interval": 2,
                    "name": "tcp",
                    "tcp_options": [
                      {
                        "port": 9292
                      }
                    ],
                    "timeout": 1,
                    "unhealthy_threshold": 2
                  }
                ],
                "target_group_id": "enplgf9jn5o5daqegq9c"
              }
            ],
            "created_at": "2022-06-30T19:18:22Z",
            "description": "",
            "folder_id": "b1grbdil1gurdt2q4rvj",
            "id": "enp5eqp472e39asqfeu9",
            "labels": null,
            "listener": [
              {
                "external_address_spec": [
                  {
                    "address": "51.250.92.220",
                    "ip_version": "ipv4"
                  }
                ],
                "internal_address_spec": [],
                "name": "listener",
                "port": 80,
                "protocol": "tcp",
                "target_port": 9292
              }
            ],
            "name": "reddit-lb",
            "region_id": "ru-central1",
            "timeouts": null,
            "type": "external"
          },
          "depends_on": [
            "yandex_lb_target_group.reddit_target_group"
          ]
        }
      ]
    },
    {
      "mode": "managed",
      "type": "yandex_lb_target_group",
      "name": "reddit_target_group",
      "provider": "provider.yandex",
      "instances": [
        {
          "schema_version": 0,
          "attributes": {
            "created_at": "2022-06-30T19:18:20Z",
            "description": "",
            "folder_id": "b1grbdil1gurdt2q4rvj",
            "id": "enplgf9jn5o5daqegq9c",
            "labels": null,
            "name": "reddit-load-balance",
            "region_id": "ru-central1",
            "target": [
              {
                "address": "10.128.0.12",
                "subnet_id": "e9b7k033de1dqppn0qc8"
              },
              {
                "address": "10.128.0.27",
                "subnet_id": "e9b7k033de1dqppn0qc8"
              }
            ],
            "timeouts": null
          },
          "depends_on": [
            "yandex_compute_instance.app"
          ]
        }
      ]
    }
  ]
}
